
Microsoft Visual Studio Solution File, Format Version 12.00
# Visual Studio 15
VisualStudioVersion = 15.0.27130.2027
MinimumVisualStudioVersion = 10.0.40219.1
Project("{FAE04EC0-301F-11D3-BF4B-00C04F79EFBC}") = "PdfCompressorConsole", "PdfCompressorConsole\PdfCompressorConsole.csproj", "{260CF6BB-F3BD-48DF-897E-651B30F81348}"
EndProject
Project("{FAE04EC0-301F-11D3-BF4B-00C04F79EFBC}") = "ILovePdfCompressor", "ILovePdfCompressor\ILovePdfCompressor.csproj", "{349E7505-EAE5-44D2-BA47-950E11ECCAC0}"
EndProject
Global
	GlobalSection(SolutionConfigurationPlatforms) = preSolution
		Debug|Any CPU = Debug|Any CPU
		Release|Any CPU = Release|Any CPU
	EndGlobalSection
	GlobalSection(ProjectConfigurationPlatforms) = postSolution
		{260CF6BB-F3BD-48DF-897E-651B30F81348}.Debug|Any CPU.ActiveCfg = Debug|Any CPU
		{260CF6BB-F3BD-48DF-897E-651B30F81348}.Debug|Any CPU.Build.0 = Debug|Any CPU
		{260CF6BB-F3BD-48DF-897E-651B30F81348}.Release|Any CPU.ActiveCfg = Release|Any CPU
		{260CF6BB-F3BD-48DF-897E-651B30F81348}.Release|Any CPU.Build.0 = Release|Any CPU
		{349E7505-EAE5-44D2-BA47-950E11ECCAC0}.Debug|Any CPU.ActiveCfg = Debug|Any CPU
		{349E7505-EAE5-44D2-BA47-950E11ECCAC0}.Debug|Any CPU.Build.0 = Debug|Any CPU
		{349E7505-EAE5-44D2-BA47-950E11ECCAC0}.Release|Any CPU.ActiveCfg = Release|Any CPU
		{349E7505-EAE5-44D2-BA47-950E11ECCAC0}.Release|Any CPU.Build.0 = Release|Any CPU
	EndGlobalSection
	GlobalSection(SolutionProperties) = preSolution
		HideSolutionNode = FALSE
	EndGlobalSection
	GlobalSection(ExtensibilityGlobals) = postSolution
		SolutionGuid = {3137C534-F29C-4A38-BC07-1889A9332E38}
	EndGlobalSection
EndGlobal
